{
  "lockfileVersion": 1,
  "workspaces": {
    "": {
      "name": "trap-templates",
      "dependencies": {
        "@openzeppelin/contracts": "5.0.0",
        "@uniswap/v3-periphery": "^1.4.4",
        "contracts": "https://github.com/drosera-network/contracts",
      },
      "devDependencies": {
        "forge-std": "github:foundry-rs/forge-std#v1.8.1",
      },
    },
  },
  "packages": {
    "@openzeppelin/contracts": ["@openzeppelin/contracts@5.0.0", "", {}, "sha512-bv2sdS6LKqVVMLI5+zqnNrNU/CA+6z6CmwFXm/MzmOPBRSO5reEJN7z0Gbzvs0/bv/MZZXNklubpwy3v2+azsw=="],

    "@uniswap/lib": ["@uniswap/lib@4.0.1-alpha", "", {}, "sha512-f6UIliwBbRsgVLxIaBANF6w09tYqc6Y/qXdsrbEmXHyFA7ILiKrIwRFXe1yOg8M3cksgVsO9N7yuL2DdCGQKBA=="],

    "@uniswap/v2-core": ["@uniswap/v2-core@1.0.1", "", {}, "sha512-MtybtkUPSyysqLY2U210NBDeCHX+ltHt3oADGdjqoThZaFRDKwM6k1Nb3F0A3hk5hwuQvytFWhrWHOEq6nVJ8Q=="],

    "@uniswap/v3-core": ["@uniswap/v3-core@1.0.1", "", {}, "sha512-7pVk4hEm00j9tc71Y9+ssYpO6ytkeI0y7WE9P6UcmNzhxPePwyAxImuhVsTqWK9YFvzgtvzJHi64pBl4jUzKMQ=="],

    "@uniswap/v3-periphery": ["@uniswap/v3-periphery@1.4.4", "", { "dependencies": { "@openzeppelin/contracts": "3.4.2-solc-0.7", "@uniswap/lib": "^4.0.1-alpha", "@uniswap/v2-core": "^1.0.1", "@uniswap/v3-core": "^1.0.0", "base64-sol": "1.0.1" } }, "sha512-S4+m+wh8HbWSO3DKk4LwUCPZJTpCugIsHrWR86m/OrUyvSqGDTXKFfc2sMuGXCZrD1ZqO3rhQsKgdWg3Hbb2Kw=="],

    "base64-sol": ["base64-sol@1.0.1", "", {}, "sha512-ld3cCNMeXt4uJXmLZBHFGMvVpK9KsLVEhPpFRXnvSVAqABKbuNZg/+dsq3NuM+wxFLb/UrVkz7m1ciWmkMfTbg=="],

    "contracts": ["contracts@github:drosera-network/contracts#3a89d13", {}, "drosera-network-contracts-3a89d13"],

    "forge-std": ["forge-std@github:foundry-rs/forge-std#bb4ceea", {}, "foundry-rs-forge-std-bb4ceea"],

    "@uniswap/v3-periphery/@openzeppelin/contracts": ["@openzeppelin/contracts@3.4.2-solc-0.7", "", {}, "sha512-W6QmqgkADuFcTLzHL8vVoNBtkwjvQRpYIAom7KiUNoLKghyx3FgH0GBjt8NRvigV1ZmMOBllvE1By1C+bi8WpA=="],
  }
}
